
Microsoft Visual Studio Solution File, Format Version 12.00
# Visual Studio Version 17
VisualStudioVersion = 17.7.34009.444
MinimumVisualStudioVersion = 10.0.40219.1
Project("{FAE04EC0-301F-11D3-BF4B-00C04F79EFBC}") = "CONNOTI_PROYECTO", "CONNOTI_PROYECTO\CONNOTI_PROYECTO.csproj", "{A532233B-87D9-47B4-A0B2-CFDA0729F6E4}"
EndProject
Project("{FAE04EC0-301F-11D3-BF4B-00C04F79EFBC}") = "Capa_Datos", "Capa_Datos\Capa_Datos.csproj", "{D2F1D163-364C-4C4C-A6D9-62389ECECD23}"
EndProject
Project("{FAE04EC0-301F-11D3-BF4B-00C04F79EFBC}") = "Capa_Modelo", "Capa_Modelo\Capa_Modelo.csproj", "{75B06D9C-E7A5-4210-A71E-24D2331BA854}"
EndProject
Global
	GlobalSection(SolutionConfigurationPlatforms) = preSolution
		Debug|Any CPU = Debug|Any CPU
		Release|Any CPU = Release|Any CPU
	EndGlobalSection
	GlobalSection(ProjectConfigurationPlatforms) = postSolution
		{A532233B-87D9-47B4-A0B2-CFDA0729F6E4}.Debug|Any CPU.ActiveCfg = Debug|Any CPU
		{A532233B-87D9-47B4-A0B2-CFDA0729F6E4}.Debug|Any CPU.Build.0 = Debug|Any CPU
		{A532233B-87D9-47B4-A0B2-CFDA0729F6E4}.Release|Any CPU.ActiveCfg = Release|Any CPU
		{A532233B-87D9-47B4-A0B2-CFDA0729F6E4}.Release|Any CPU.Build.0 = Release|Any CPU
		{D2F1D163-364C-4C4C-A6D9-62389ECECD23}.Debug|Any CPU.ActiveCfg = Debug|Any CPU
		{D2F1D163-364C-4C4C-A6D9-62389ECECD23}.Debug|Any CPU.Build.0 = Debug|Any CPU
		{D2F1D163-364C-4C4C-A6D9-62389ECECD23}.Release|Any CPU.ActiveCfg = Release|Any CPU
		{D2F1D163-364C-4C4C-A6D9-62389ECECD23}.Release|Any CPU.Build.0 = Release|Any CPU
		{75B06D9C-E7A5-4210-A71E-24D2331BA854}.Debug|Any CPU.ActiveCfg = Debug|Any CPU
		{75B06D9C-E7A5-4210-A71E-24D2331BA854}.Debug|Any CPU.Build.0 = Debug|Any CPU
		{75B06D9C-E7A5-4210-A71E-24D2331BA854}.Release|Any CPU.ActiveCfg = Release|Any CPU
		{75B06D9C-E7A5-4210-A71E-24D2331BA854}.Release|Any CPU.Build.0 = Release|Any CPU
	EndGlobalSection
	GlobalSection(SolutionProperties) = preSolution
		HideSolutionNode = FALSE
	EndGlobalSection
	GlobalSection(ExtensibilityGlobals) = postSolution
		SolutionGuid = {30534C70-42A0-43AF-8551-2625BA1D9359}
	EndGlobalSection
EndGlobal
