
Microsoft Visual Studio Solution File, Format Version 12.00
# Visual Studio Version 17
VisualStudioVersion = 17.7.34009.444
MinimumVisualStudioVersion = 10.0.40219.1
Project("{FAE04EC0-301F-11D3-BF4B-00C04F79EFBC}") = "CapaPresentacionAdmin", "CapaPresentacionAdmin\CapaPresentacionAdmin.csproj", "{89FD243B-1B97-49CB-8F78-BC0D50D78350}"
EndProject
Project("{FAE04EC0-301F-11D3-BF4B-00C04F79EFBC}") = "CapaPresentacionConnoti", "CapaPresentacionConnoti\CapaPresentacionConnoti.csproj", "{40FCC2E4-2626-4658-96ED-82F6AA526876}"
EndProject
Project("{FAE04EC0-301F-11D3-BF4B-00C04F79EFBC}") = "CapaDatos", "CapaDatos\CapaDatos.csproj", "{9EC152C1-B685-4023-B85D-916516748A45}"
EndProject
Project("{FAE04EC0-301F-11D3-BF4B-00C04F79EFBC}") = "CapaEntidad", "CapaEntidad\CapaEntidad.csproj", "{7883D666-3465-4E31-ACC5-62C0085258B7}"
EndProject
Project("{FAE04EC0-301F-11D3-BF4B-00C04F79EFBC}") = "CapaProveedor", "CapaProveedor\CapaProveedor.csproj", "{467D4A27-AE7E-4DB2-BFCE-C1BFB6711EAB}"
EndProject
Global
	GlobalSection(SolutionConfigurationPlatforms) = preSolution
		Debug|Any CPU = Debug|Any CPU
		Release|Any CPU = Release|Any CPU
	EndGlobalSection
	GlobalSection(ProjectConfigurationPlatforms) = postSolution
		{89FD243B-1B97-49CB-8F78-BC0D50D78350}.Debug|Any CPU.ActiveCfg = Debug|Any CPU
		{89FD243B-1B97-49CB-8F78-BC0D50D78350}.Debug|Any CPU.Build.0 = Debug|Any CPU
		{89FD243B-1B97-49CB-8F78-BC0D50D78350}.Release|Any CPU.ActiveCfg = Release|Any CPU
		{89FD243B-1B97-49CB-8F78-BC0D50D78350}.Release|Any CPU.Build.0 = Release|Any CPU
		{40FCC2E4-2626-4658-96ED-82F6AA526876}.Debug|Any CPU.ActiveCfg = Debug|Any CPU
		{40FCC2E4-2626-4658-96ED-82F6AA526876}.Debug|Any CPU.Build.0 = Debug|Any CPU
		{40FCC2E4-2626-4658-96ED-82F6AA526876}.Release|Any CPU.ActiveCfg = Release|Any CPU
		{40FCC2E4-2626-4658-96ED-82F6AA526876}.Release|Any CPU.Build.0 = Release|Any CPU
		{9EC152C1-B685-4023-B85D-916516748A45}.Debug|Any CPU.ActiveCfg = Debug|Any CPU
		{9EC152C1-B685-4023-B85D-916516748A45}.Debug|Any CPU.Build.0 = Debug|Any CPU
		{9EC152C1-B685-4023-B85D-916516748A45}.Release|Any CPU.ActiveCfg = Release|Any CPU
		{9EC152C1-B685-4023-B85D-916516748A45}.Release|Any CPU.Build.0 = Release|Any CPU
		{7883D666-3465-4E31-ACC5-62C0085258B7}.Debug|Any CPU.ActiveCfg = Debug|Any CPU
		{7883D666-3465-4E31-ACC5-62C0085258B7}.Debug|Any CPU.Build.0 = Debug|Any CPU
		{7883D666-3465-4E31-ACC5-62C0085258B7}.Release|Any CPU.ActiveCfg = Release|Any CPU
		{7883D666-3465-4E31-ACC5-62C0085258B7}.Release|Any CPU.Build.0 = Release|Any CPU
		{467D4A27-AE7E-4DB2-BFCE-C1BFB6711EAB}.Debug|Any CPU.ActiveCfg = Debug|Any CPU
		{467D4A27-AE7E-4DB2-BFCE-C1BFB6711EAB}.Debug|Any CPU.Build.0 = Debug|Any CPU
		{467D4A27-AE7E-4DB2-BFCE-C1BFB6711EAB}.Release|Any CPU.ActiveCfg = Release|Any CPU
		{467D4A27-AE7E-4DB2-BFCE-C1BFB6711EAB}.Release|Any CPU.Build.0 = Release|Any CPU
	EndGlobalSection
	GlobalSection(SolutionProperties) = preSolution
		HideSolutionNode = FALSE
	EndGlobalSection
	GlobalSection(ExtensibilityGlobals) = postSolution
		SolutionGuid = {30534C70-42A0-43AF-8551-2625BA1D9359}
	EndGlobalSection
EndGlobal
